
Microsoft Visual Studio Solution File, Format Version 12.00
# Visual Studio Version 17
VisualStudioVersion = 17.8.34511.84
MinimumVisualStudioVersion = 10.0.40219.1
Project("{FAE04EC0-301F-11D3-BF4B-00C04F79EFBC}") = "lesson2", "lesson2.csproj", "{2EB8B924-3B01-4BA3-BAFA-8B458FF7BD52}"
EndProject
Global
	GlobalSection(SolutionConfigurationPlatforms) = preSolution
		Debug|Any CPU = Debug|Any CPU
		Release|Any CPU = Release|Any CPU
	EndGlobalSection
	GlobalSection(ProjectConfigurationPlatforms) = postSolution
		{2EB8B924-3B01-4BA3-BAFA-8B458FF7BD52}.Debug|Any CPU.ActiveCfg = Debug|Any CPU
		{2EB8B924-3B01-4BA3-BAFA-8B458FF7BD52}.Debug|Any CPU.Build.0 = Debug|Any CPU
		{2EB8B924-3B01-4BA3-BAFA-8B458FF7BD52}.Release|Any CPU.ActiveCfg = Release|Any CPU
		{2EB8B924-3B01-4BA3-BAFA-8B458FF7BD52}.Release|Any CPU.Build.0 = Release|Any CPU
	EndGlobalSection
	GlobalSection(SolutionProperties) = preSolution
		HideSolutionNode = FALSE
	EndGlobalSection
	GlobalSection(ExtensibilityGlobals) = postSolution
		SolutionGuid = {C9815ADB-2480-4AD7-A1AA-C7578A0176A2}
	EndGlobalSection
EndGlobal
