
Microsoft Visual Studio Solution File, Format Version 12.00
# Visual Studio Version 17
VisualStudioVersion = 17.8.34511.84
MinimumVisualStudioVersion = 10.0.40219.1
Project("{FAE04EC0-301F-11D3-BF4B-00C04F79EFBC}") = "lesson5", "lesson5.csproj", "{FC3E7AFD-4FA1-4B67-BABF-01B2C2FEFE78}"
EndProject
Global
	GlobalSection(SolutionConfigurationPlatforms) = preSolution
		Debug|Any CPU = Debug|Any CPU
		Release|Any CPU = Release|Any CPU
	EndGlobalSection
	GlobalSection(ProjectConfigurationPlatforms) = postSolution
		{FC3E7AFD-4FA1-4B67-BABF-01B2C2FEFE78}.Debug|Any CPU.ActiveCfg = Debug|Any CPU
		{FC3E7AFD-4FA1-4B67-BABF-01B2C2FEFE78}.Debug|Any CPU.Build.0 = Debug|Any CPU
		{FC3E7AFD-4FA1-4B67-BABF-01B2C2FEFE78}.Release|Any CPU.ActiveCfg = Release|Any CPU
		{FC3E7AFD-4FA1-4B67-BABF-01B2C2FEFE78}.Release|Any CPU.Build.0 = Release|Any CPU
	EndGlobalSection
	GlobalSection(SolutionProperties) = preSolution
		HideSolutionNode = FALSE
	EndGlobalSection
	GlobalSection(ExtensibilityGlobals) = postSolution
		SolutionGuid = {2AD67A24-5C79-4EB7-BBCA-CB0BE6863A62}
	EndGlobalSection
EndGlobal
